
Microsoft Visual Studio Solution File, Format Version 11.00
# Visual Studio 2010
Project("{FAE04EC0-301F-11D3-BF4B-00C04F79EFBC}") = "FizzBuzzRunner", "FizzBuzzRunner\FizzBuzzRunner.csproj", "{3113C15F-1B6F-43D6-A074-799ACAE02648}"
EndProject
Project("{FAE04EC0-301F-11D3-BF4B-00C04F79EFBC}") = "FizzBuzz", "FizzBuzz\FizzBuzz.csproj", "{F8937BC4-BBCB-4234-8000-E5391703CC83}"
EndProject
Project("{FAE04EC0-301F-11D3-BF4B-00C04F79EFBC}") = "Tests", "FizzBuzzTests\Tests\Tests.csproj", "{2538DE89-2072-4241-93C5-AA2F317FF9E0}"
EndProject
Global
	GlobalSection(SolutionConfigurationPlatforms) = preSolution
		Debug|Any CPU = Debug|Any CPU
		Debug|Mixed Platforms = Debug|Mixed Platforms
		Debug|x86 = Debug|x86
		Release|Any CPU = Release|Any CPU
		Release|Mixed Platforms = Release|Mixed Platforms
		Release|x86 = Release|x86
	EndGlobalSection
	GlobalSection(ProjectConfigurationPlatforms) = postSolution
		{3113C15F-1B6F-43D6-A074-799ACAE02648}.Debug|Any CPU.ActiveCfg = Debug|x86
		{3113C15F-1B6F-43D6-A074-799ACAE02648}.Debug|Mixed Platforms.ActiveCfg = Debug|x86
		{3113C15F-1B6F-43D6-A074-799ACAE02648}.Debug|Mixed Platforms.Build.0 = Debug|x86
		{3113C15F-1B6F-43D6-A074-799ACAE02648}.Debug|x86.ActiveCfg = Debug|x86
		{3113C15F-1B6F-43D6-A074-799ACAE02648}.Debug|x86.Build.0 = Debug|x86
		{3113C15F-1B6F-43D6-A074-799ACAE02648}.Release|Any CPU.ActiveCfg = Release|x86
		{3113C15F-1B6F-43D6-A074-799ACAE02648}.Release|Mixed Platforms.ActiveCfg = Release|x86
		{3113C15F-1B6F-43D6-A074-799ACAE02648}.Release|Mixed Platforms.Build.0 = Release|x86
		{3113C15F-1B6F-43D6-A074-799ACAE02648}.Release|x86.ActiveCfg = Release|x86
		{3113C15F-1B6F-43D6-A074-799ACAE02648}.Release|x86.Build.0 = Release|x86
		{F8937BC4-BBCB-4234-8000-E5391703CC83}.Debug|Any CPU.ActiveCfg = Debug|Any CPU
		{F8937BC4-BBCB-4234-8000-E5391703CC83}.Debug|Any CPU.Build.0 = Debug|Any CPU
		{F8937BC4-BBCB-4234-8000-E5391703CC83}.Debug|Mixed Platforms.ActiveCfg = Debug|Any CPU
		{F8937BC4-BBCB-4234-8000-E5391703CC83}.Debug|Mixed Platforms.Build.0 = Debug|Any CPU
		{F8937BC4-BBCB-4234-8000-E5391703CC83}.Debug|x86.ActiveCfg = Debug|Any CPU
		{F8937BC4-BBCB-4234-8000-E5391703CC83}.Release|Any CPU.ActiveCfg = Release|Any CPU
		{F8937BC4-BBCB-4234-8000-E5391703CC83}.Release|Any CPU.Build.0 = Release|Any CPU
		{F8937BC4-BBCB-4234-8000-E5391703CC83}.Release|Mixed Platforms.ActiveCfg = Release|Any CPU
		{F8937BC4-BBCB-4234-8000-E5391703CC83}.Release|Mixed Platforms.Build.0 = Release|Any CPU
		{F8937BC4-BBCB-4234-8000-E5391703CC83}.Release|x86.ActiveCfg = Release|Any CPU
		{2538DE89-2072-4241-93C5-AA2F317FF9E0}.Debug|Any CPU.ActiveCfg = Debug|Any CPU
		{2538DE89-2072-4241-93C5-AA2F317FF9E0}.Debug|Any CPU.Build.0 = Debug|Any CPU
		{2538DE89-2072-4241-93C5-AA2F317FF9E0}.Debug|Mixed Platforms.ActiveCfg = Debug|Any CPU
		{2538DE89-2072-4241-93C5-AA2F317FF9E0}.Debug|Mixed Platforms.Build.0 = Debug|Any CPU
		{2538DE89-2072-4241-93C5-AA2F317FF9E0}.Debug|x86.ActiveCfg = Debug|Any CPU
		{2538DE89-2072-4241-93C5-AA2F317FF9E0}.Release|Any CPU.ActiveCfg = Release|Any CPU
		{2538DE89-2072-4241-93C5-AA2F317FF9E0}.Release|Any CPU.Build.0 = Release|Any CPU
		{2538DE89-2072-4241-93C5-AA2F317FF9E0}.Release|Mixed Platforms.ActiveCfg = Release|Any CPU
		{2538DE89-2072-4241-93C5-AA2F317FF9E0}.Release|Mixed Platforms.Build.0 = Release|Any CPU
		{2538DE89-2072-4241-93C5-AA2F317FF9E0}.Release|x86.ActiveCfg = Release|Any CPU
	EndGlobalSection
	GlobalSection(SolutionProperties) = preSolution
		HideSolutionNode = FALSE
	EndGlobalSection
EndGlobal
